{
  "name": "atividade_01",
  "version": "1.0.0",
  "lockfileVersion": 2,
  "requires": true,
  "packages": {
    "": {
      "name": "atividade_01",
      "version": "1.0.0",
      "license": "ISC",
      "dependencies": {
        "csv-stringify": "^6.4.4"
      }
    },
    "node_modules/csv-stringify": {
      "version": "6.4.4",
      "resolved": "https://registry.npmjs.org/csv-stringify/-/csv-stringify-6.4.4.tgz",
      "integrity": "sha512-NDshLupGa7gp4UG4sSNIqwYJqgSwvds0SvENntxoVoVvTzXcrHvd5gG2MWpbRpSNvk59dlmIe1IwNvSxN4IVmg=="
    }
  },
  "dependencies": {
    "csv-stringify": {
      "version": "6.4.4",
      "resolved": "https://registry.npmjs.org/csv-stringify/-/csv-stringify-6.4.4.tgz",
      "integrity": "sha512-NDshLupGa7gp4UG4sSNIqwYJqgSwvds0SvENntxoVoVvTzXcrHvd5gG2MWpbRpSNvk59dlmIe1IwNvSxN4IVmg=="
    }
  }
}
